// !$*UTF8*$!
{
	archiveVersion = 1;
	classes = {
	};
	objectVersion = 77;
	objects = {

/* Begin PBXBuildFile section */
		7C166C482D956B760019A602 /* ContentView.swift in Sources */ = {isa = PBXBuildFile; fileRef = 7C166C452D956B760019A602 /* ContentView.swift */; };
		7C166C492D956B760019A602 /* StudyCompanionApp.swift in Sources */ = {isa = PBXBuildFile; fileRef = 7C166C462D956B760019A602 /* StudyCompanionApp.swift */; };
		7C166C4A2D956B760019A602 /* Preview Assets.xcassets in Resources */ = {isa = PBXBuildFile; fileRef = 7C166C422D956B760019A602 /* Preview Assets.xcassets */; };
		7C166C4B2D956B760019A602 /* Assets.xcassets in Resources */ = {isa = PBXBuildFile; fileRef = 7C166C442D956B760019A602 /* Assets.xcassets */; };
		7C166C512D956C070019A602 /* Subject.swift in Sources */ = {isa = PBXBuildFile; fileRef = 7C166C502D956C070019A602 /* Subject.swift */; };
		7C166C532D956C510019A602 /* SubjectsViewModels.swift in Sources */ = {isa = PBXBuildFile; fileRef = 7C166C522D956C510019A602 /* SubjectsViewModels.swift */; };
		7C166C552D9579AD0019A602 /* SubjectCardView.swift in Sources */ = {isa = PBXBuildFile; fileRef = 7C166C542D9579AD0019A602 /* SubjectCardView.swift */; };
		7C166C572D9579F20019A602 /* MainScreen.swift in Sources */ = {isa = PBXBuildFile; fileRef = 7C166C562D9579F20019A602 /* MainScreen.swift */; };
		7C166C592D9584BF0019A602 /* Topic.swift in Sources */ = {isa = PBXBuildFile; fileRef = 7C166C582D9584BF0019A602 /* Topic.swift */; };
		7C166C5B2D9584DF0019A602 /* TopicViewModel.swift in Sources */ = {isa = PBXBuildFile; fileRef = 7C166C5A2D9584DF0019A602 /* TopicViewModel.swift */; };
		7C166C5D2D9584FE0019A602 /* TopicCardView.swift in Sources */ = {isa = PBXBuildFile; fileRef = 7C166C5C2D9584FE0019A602 /* TopicCardView.swift */; };
		7C166C5F2D95853F0019A602 /* TopicsScreen.swift in Sources */ = {isa = PBXBuildFile; fileRef = 7C166C5E2D95853F0019A602 /* TopicsScreen.swift */; };
		7C166C612D95888B0019A602 /* Flashcard.swift in Sources */ = {isa = PBXBuildFile; fileRef = 7C166C602D95888B0019A602 /* Flashcard.swift */; };
		7C166C632D9588B70019A602 /* FlashcardsViewModel.swift in Sources */ = {isa = PBXBuildFile; fileRef = 7C166C622D9588B70019A602 /* FlashcardsViewModel.swift */; };
		7C166C652D9589130019A602 /* FlashcardView.swift in Sources */ = {isa = PBXBuildFile; fileRef = 7C166C642D9589130019A602 /* FlashcardView.swift */; };
		7C166C672D95893B0019A602 /* FlashcardsScreen.swift in Sources */ = {isa = PBXBuildFile; fileRef = 7C166C662D95893B0019A602 /* FlashcardsScreen.swift */; };
		7C166C692D958BF20019A602 /* TestQuetion.swift in Sources */ = {isa = PBXBuildFile; fileRef = 7C166C682D958BF20019A602 /* TestQuetion.swift */; };
		7C166C6B2D958C0D0019A602 /* TestViewModel.swift in Sources */ = {isa = PBXBuildFile; fileRef = 7C166C6A2D958C0D0019A602 /* TestViewModel.swift */; };
		7C166C6D2D958C850019A602 /* TestQuestionView.swift in Sources */ = {isa = PBXBuildFile; fileRef = 7C166C6C2D958C850019A602 /* TestQuestionView.swift */; };
		7C166C6F2D958CBB0019A602 /* TestScreen.swift in Sources */ = {isa = PBXBuildFile; fileRef = 7C166C6E2D958CBB0019A602 /* TestScreen.swift */; };
		7C166C712D958DF30019A602 /* ProgressData.swift in Sources */ = {isa = PBXBuildFile; fileRef = 7C166C702D958DF30019A602 /* ProgressData.swift */; };
		7C166C742D958E410019A602 /* ProgressStorage.swift in Sources */ = {isa = PBXBuildFile; fileRef = 7C166C732D958E410019A602 /* ProgressStorage.swift */; };
		7C166C762D9599010019A602 /* StatisticsScreen.swift in Sources */ = {isa = PBXBuildFile; fileRef = 7C166C752D9599010019A602 /* StatisticsScreen.swift */; };
/* End PBXBuildFile section */

/* Begin PBXFileReference section */
		7C166C312D9569A00019A602 /* StudyCompanion.app */ = {isa = PBXFileReference; explicitFileType = wrapper.application; includeInIndex = 0; path = StudyCompanion.app; sourceTree = BUILT_PRODUCTS_DIR; };
		7C166C422D956B760019A602 /* Preview Assets.xcassets */ = {isa = PBXFileReference; lastKnownFileType = folder.assetcatalog; path = "Preview Assets.xcassets"; sourceTree = "<group>"; };
		7C166C442D956B760019A602 /* Assets.xcassets */ = {isa = PBXFileReference; lastKnownFileType = folder.assetcatalog; path = Assets.xcassets; sourceTree = "<group>"; };
		7C166C452D956B760019A602 /* ContentView.swift */ = {isa = PBXFileReference; lastKnownFileType = sourcecode.swift; path = ContentView.swift; sourceTree = "<group>"; };
		7C166C462D956B760019A602 /* StudyCompanionApp.swift */ = {isa = PBXFileReference; lastKnownFileType = sourcecode.swift; path = StudyCompanionApp.swift; sourceTree = "<group>"; };
		7C166C502D956C070019A602 /* Subject.swift */ = {isa = PBXFileReference; lastKnownFileType = sourcecode.swift; path = Subject.swift; sourceTree = "<group>"; };
		7C166C522D956C510019A602 /* SubjectsViewModels.swift */ = {isa = PBXFileReference; lastKnownFileType = sourcecode.swift; path = SubjectsViewModels.swift; sourceTree = "<group>"; };
		7C166C542D9579AD0019A602 /* SubjectCardView.swift */ = {isa = PBXFileReference; lastKnownFileType = sourcecode.swift; path = SubjectCardView.swift; sourceTree = "<group>"; };
		7C166C562D9579F20019A602 /* MainScreen.swift */ = {isa = PBXFileReference; lastKnownFileType = sourcecode.swift; path = MainScreen.swift; sourceTree = "<group>"; };
		7C166C582D9584BF0019A602 /* Topic.swift */ = {isa = PBXFileReference; lastKnownFileType = sourcecode.swift; path = Topic.swift; sourceTree = "<group>"; };
		7C166C5A2D9584DF0019A602 /* TopicViewModel.swift */ = {isa = PBXFileReference; lastKnownFileType = sourcecode.swift; path = TopicViewModel.swift; sourceTree = "<group>"; };
		7C166C5C2D9584FE0019A602 /* TopicCardView.swift */ = {isa = PBXFileReference; lastKnownFileType = sourcecode.swift; path = TopicCardView.swift; sourceTree = "<group>"; };
		7C166C5E2D95853F0019A602 /* TopicsScreen.swift */ = {isa = PBXFileReference; lastKnownFileType = sourcecode.swift; path = TopicsScreen.swift; sourceTree = "<group>"; };
		7C166C602D95888B0019A602 /* Flashcard.swift */ = {isa = PBXFileReference; lastKnownFileType = sourcecode.swift; path = Flashcard.swift; sourceTree = "<group>"; };
		7C166C622D9588B70019A602 /* FlashcardsViewModel.swift */ = {isa = PBXFileReference; lastKnownFileType = sourcecode.swift; path = FlashcardsViewModel.swift; sourceTree = "<group>"; };
		7C166C642D9589130019A602 /* FlashcardView.swift */ = {isa = PBXFileReference; lastKnownFileType = sourcecode.swift; path = FlashcardView.swift; sourceTree = "<group>"; };
		7C166C662D95893B0019A602 /* FlashcardsScreen.swift */ = {isa = PBXFileReference; lastKnownFileType = sourcecode.swift; path = FlashcardsScreen.swift; sourceTree = "<group>"; };
		7C166C682D958BF20019A602 /* TestQuetion.swift */ = {isa = PBXFileReference; lastKnownFileType = sourcecode.swift; path = TestQuetion.swift; sourceTree = "<group>"; };
		7C166C6A2D958C0D0019A602 /* TestViewModel.swift */ = {isa = PBXFileReference; lastKnownFileType = sourcecode.swift; path = TestViewModel.swift; sourceTree = "<group>"; };
		7C166C6C2D958C850019A602 /* TestQuestionView.swift */ = {isa = PBXFileReference; lastKnownFileType = sourcecode.swift; path = TestQuestionView.swift; sourceTree = "<group>"; };
		7C166C6E2D958CBB0019A602 /* TestScreen.swift */ = {isa = PBXFileReference; lastKnownFileType = sourcecode.swift; path = TestScreen.swift; sourceTree = "<group>"; };
		7C166C702D958DF30019A602 /* ProgressData.swift */ = {isa = PBXFileReference; lastKnownFileType = sourcecode.swift; path = ProgressData.swift; sourceTree = "<group>"; };
		7C166C732D958E410019A602 /* ProgressStorage.swift */ = {isa = PBXFileReference; lastKnownFileType = sourcecode.swift; path = ProgressStorage.swift; sourceTree = "<group>"; };
		7C166C752D9599010019A602 /* StatisticsScreen.swift */ = {isa = PBXFileReference; lastKnownFileType = sourcecode.swift; path = StatisticsScreen.swift; sourceTree = "<group>"; };
/* End PBXFileReference section */

/* Begin PBXFrameworksBuildPhase section */
		7C166C2E2D9569A00019A602 /* Frameworks */ = {
			isa = PBXFrameworksBuildPhase;
			buildActionMask = 2147483647;
			files = (
			);
			runOnlyForDeploymentPostprocessing = 0;
		};
/* End PBXFrameworksBuildPhase section */

/* Begin PBXGroup section */
		7C166C282D9569A00019A602 = {
			isa = PBXGroup;
			children = (
				7C166C472D956B760019A602 /* StudyCompanion */,
				7C166C322D9569A00019A602 /* Products */,
			);
			sourceTree = "<group>";
		};
		7C166C322D9569A00019A602 /* Products */ = {
			isa = PBXGroup;
			children = (
				7C166C312D9569A00019A602 /* StudyCompanion.app */,
			);
			name = Products;
			sourceTree = "<group>";
		};
		7C166C432D956B760019A602 /* Preview Content */ = {
			isa = PBXGroup;
			children = (
				7C166C422D956B760019A602 /* Preview Assets.xcassets */,
			);
			path = "Preview Content";
			sourceTree = "<group>";
		};
		7C166C472D956B760019A602 /* StudyCompanion */ = {
			isa = PBXGroup;
			children = (
				7C166C722D958E2C0019A602 /* Services */,
				7C166C4F2D956B970019A602 /* Resources */,
				7C166C4E2D956B920019A602 /* Views */,
				7C166C4D2D956B830019A602 /* ViewModels */,
				7C166C4C2D956B7A0019A602 /* Models */,
				7C166C432D956B760019A602 /* Preview Content */,
				7C166C442D956B760019A602 /* Assets.xcassets */,
				7C166C452D956B760019A602 /* ContentView.swift */,
				7C166C462D956B760019A602 /* StudyCompanionApp.swift */,
			);
			path = StudyCompanion;
			sourceTree = "<group>";
		};
		7C166C4C2D956B7A0019A602 /* Models */ = {
			isa = PBXGroup;
			children = (
				7C166C502D956C070019A602 /* Subject.swift */,
				7C166C582D9584BF0019A602 /* Topic.swift */,
				7C166C602D95888B0019A602 /* Flashcard.swift */,
				7C166C682D958BF20019A602 /* TestQuetion.swift */,
				7C166C702D958DF30019A602 /* ProgressData.swift */,
			);
			path = Models;
			sourceTree = "<group>";
		};
		7C166C4D2D956B830019A602 /* ViewModels */ = {
			isa = PBXGroup;
			children = (
				7C166C522D956C510019A602 /* SubjectsViewModels.swift */,
				7C166C5A2D9584DF0019A602 /* TopicViewModel.swift */,
				7C166C622D9588B70019A602 /* FlashcardsViewModel.swift */,
				7C166C6A2D958C0D0019A602 /* TestViewModel.swift */,
			);
			path = ViewModels;
			sourceTree = "<group>";
		};
		7C166C4E2D956B920019A602 /* Views */ = {
			isa = PBXGroup;
			children = (
				7C166C542D9579AD0019A602 /* SubjectCardView.swift */,
				7C166C562D9579F20019A602 /* MainScreen.swift */,
				7C166C5C2D9584FE0019A602 /* TopicCardView.swift */,
				7C166C5E2D95853F0019A602 /* TopicsScreen.swift */,
				7C166C642D9589130019A602 /* FlashcardView.swift */,
				7C166C662D95893B0019A602 /* FlashcardsScreen.swift */,
				7C166C6C2D958C850019A602 /* TestQuestionView.swift */,
				7C166C6E2D958CBB0019A602 /* TestScreen.swift */,
				7C166C752D9599010019A602 /* StatisticsScreen.swift */,
			);
			path = Views;
			sourceTree = "<group>";
		};
		7C166C4F2D956B970019A602 /* Resources */ = {
			isa = PBXGroup;
			children = (
			);
			path = Resources;
			sourceTree = "<group>";
		};
		7C166C722D958E2C0019A602 /* Services */ = {
			isa = PBXGroup;
			children = (
				7C166C732D958E410019A602 /* ProgressStorage.swift */,
			);
			path = Services;
			sourceTree = "<group>";
		};
/* End PBXGroup section */

/* Begin PBXNativeTarget section */
		7C166C302D9569A00019A602 /* StudyCompanion */ = {
			isa = PBXNativeTarget;
			buildConfigurationList = 7C166C3F2D9569A20019A602 /* Build configuration list for PBXNativeTarget "StudyCompanion" */;
			buildPhases = (
				7C166C2D2D9569A00019A602 /* Sources */,
				7C166C2E2D9569A00019A602 /* Frameworks */,
				7C166C2F2D9569A00019A602 /* Resources */,
			);
			buildRules = (
			);
			dependencies = (
			);
			name = StudyCompanion;
			packageProductDependencies = (
			);
			productName = StudyCompanion;
			productReference = 7C166C312D9569A00019A602 /* StudyCompanion.app */;
			productType = "com.apple.product-type.application";
		};
/* End PBXNativeTarget section */

/* Begin PBXProject section */
		7C166C292D9569A00019A602 /* Project object */ = {
			isa = PBXProject;
			attributes = {
				BuildIndependentTargetsInParallel = 1;
				LastSwiftUpdateCheck = 1620;
				LastUpgradeCheck = 1620;
				TargetAttributes = {
					7C166C302D9569A00019A602 = {
						CreatedOnToolsVersion = 16.2;
					};
				};
			};
			buildConfigurationList = 7C166C2C2D9569A00019A602 /* Build configuration list for PBXProject "StudyCompanion" */;
			developmentRegion = en;
			hasScannedForEncodings = 0;
			knownRegions = (
				en,
				Base,
			);
			mainGroup = 7C166C282D9569A00019A602;
			minimizedProjectReferenceProxies = 1;
			preferredProjectObjectVersion = 77;
			productRefGroup = 7C166C322D9569A00019A602 /* Products */;
			projectDirPath = "";
			projectRoot = "";
			targets = (
				7C166C302D9569A00019A602 /* StudyCompanion */,
			);
		};
/* End PBXProject section */

/* Begin PBXResourcesBuildPhase section */
		7C166C2F2D9569A00019A602 /* Resources */ = {
			isa = PBXResourcesBuildPhase;
			buildActionMask = 2147483647;
			files = (
				7C166C4A2D956B760019A602 /* Preview Assets.xcassets in Resources */,
				7C166C4B2D956B760019A602 /* Assets.xcassets in Resources */,
			);
			runOnlyForDeploymentPostprocessing = 0;
		};
/* End PBXResourcesBuildPhase section */

/* Begin PBXSourcesBuildPhase section */
		7C166C2D2D9569A00019A602 /* Sources */ = {
			isa = PBXSourcesBuildPhase;
			buildActionMask = 2147483647;
			files = (
				7C166C672D95893B0019A602 /* FlashcardsScreen.swift in Sources */,
				7C166C712D958DF30019A602 /* ProgressData.swift in Sources */,
				7C166C762D9599010019A602 /* StatisticsScreen.swift in Sources */,
				7C166C742D958E410019A602 /* ProgressStorage.swift in Sources */,
				7C166C572D9579F20019A602 /* MainScreen.swift in Sources */,
				7C166C5D2D9584FE0019A602 /* TopicCardView.swift in Sources */,
				7C166C6F2D958CBB0019A602 /* TestScreen.swift in Sources */,
				7C166C652D9589130019A602 /* FlashcardView.swift in Sources */,
				7C166C482D956B760019A602 /* ContentView.swift in Sources */,
				7C166C5F2D95853F0019A602 /* TopicsScreen.swift in Sources */,
				7C166C6D2D958C850019A602 /* TestQuestionView.swift in Sources */,
				7C166C5B2D9584DF0019A602 /* TopicViewModel.swift in Sources */,
				7C166C532D956C510019A602 /* SubjectsViewModels.swift in Sources */,
				7C166C512D956C070019A602 /* Subject.swift in Sources */,
				7C166C692D958BF20019A602 /* TestQuetion.swift in Sources */,
				7C166C6B2D958C0D0019A602 /* TestViewModel.swift in Sources */,
				7C166C612D95888B0019A602 /* Flashcard.swift in Sources */,
				7C166C492D956B760019A602 /* StudyCompanionApp.swift in Sources */,
				7C166C552D9579AD0019A602 /* SubjectCardView.swift in Sources */,
				7C166C592D9584BF0019A602 /* Topic.swift in Sources */,
				7C166C632D9588B70019A602 /* FlashcardsViewModel.swift in Sources */,
			);
			runOnlyForDeploymentPostprocessing = 0;
		};
/* End PBXSourcesBuildPhase section */

/* Begin XCBuildConfiguration section */
		7C166C3D2D9569A20019A602 /* Debug */ = {
			isa = XCBuildConfiguration;
			buildSettings = {
				ALWAYS_SEARCH_USER_PATHS = NO;
				ASSETCATALOG_COMPILER_GENERATE_SWIFT_ASSET_SYMBOL_EXTENSIONS = YES;
				CLANG_ANALYZER_NONNULL = YES;
				CLANG_ANALYZER_NUMBER_OBJECT_CONVERSION = YES_AGGRESSIVE;
				CLANG_CXX_LANGUAGE_STANDARD = "gnu++20";
				CLANG_ENABLE_MODULES = YES;
				CLANG_ENABLE_OBJC_ARC = YES;
				CLANG_ENABLE_OBJC_WEAK = YES;
				CLANG_WARN_BLOCK_CAPTURE_AUTORELEASING = YES;
				CLANG_WARN_BOOL_CONVERSION = YES;
				CLANG_WARN_COMMA = YES;
				CLANG_WARN_CONSTANT_CONVERSION = YES;
				CLANG_WARN_DEPRECATED_OBJC_IMPLEMENTATIONS = YES;
				CLANG_WARN_DIRECT_OBJC_ISA_USAGE = YES_ERROR;
				CLANG_WARN_DOCUMENTATION_COMMENTS = YES;
				CLANG_WARN_EMPTY_BODY = YES;
				CLANG_WARN_ENUM_CONVERSION = YES;
				CLANG_WARN_INFINITE_RECURSION = YES;
				CLANG_WARN_INT_CONVERSION = YES;
				CLANG_WARN_NON_LITERAL_NULL_CONVERSION = YES;
				CLANG_WARN_OBJC_IMPLICIT_RETAIN_SELF = YES;
				CLANG_WARN_OBJC_LITERAL_CONVERSION = YES;
				CLANG_WARN_OBJC_ROOT_CLASS = YES_ERROR;
				CLANG_WARN_QUOTED_INCLUDE_IN_FRAMEWORK_HEADER = YES;
				CLANG_WARN_RANGE_LOOP_ANALYSIS = YES;
				CLANG_WARN_STRICT_PROTOTYPES = YES;
				CLANG_WARN_SUSPICIOUS_MOVE = YES;
				CLANG_WARN_UNGUARDED_AVAILABILITY = YES_AGGRESSIVE;
				CLANG_WARN_UNREACHABLE_CODE = YES;
				CLANG_WARN__DUPLICATE_METHOD_MATCH = YES;
				COPY_PHASE_STRIP = NO;
				DEBUG_INFORMATION_FORMAT = dwarf;
				ENABLE_STRICT_OBJC_MSGSEND = YES;
				ENABLE_TESTABILITY = YES;
				ENABLE_USER_SCRIPT_SANDBOXING = YES;
				GCC_C_LANGUAGE_STANDARD = gnu17;
				GCC_DYNAMIC_NO_PIC = NO;
				GCC_NO_COMMON_BLOCKS = YES;
				GCC_OPTIMIZATION_LEVEL = 0;
				GCC_PREPROCESSOR_DEFINITIONS = (
					"DEBUG=1",
					"$(inherited)",
				);
				GCC_WARN_64_TO_32_BIT_CONVERSION = YES;
				GCC_WARN_ABOUT_RETURN_TYPE = YES_ERROR;
				GCC_WARN_UNDECLARED_SELECTOR = YES;
				GCC_WARN_UNINITIALIZED_AUTOS = YES_AGGRESSIVE;
				GCC_WARN_UNUSED_FUNCTION = YES;
				GCC_WARN_UNUSED_VARIABLE = YES;
				IPHONEOS_DEPLOYMENT_TARGET = 18.2;
				LOCALIZATION_PREFERS_STRING_CATALOGS = YES;
				MTL_ENABLE_DEBUG_INFO = INCLUDE_SOURCE;
				MTL_FAST_MATH = YES;
				ONLY_ACTIVE_ARCH = YES;
				SDKROOT = iphoneos;
				SWIFT_ACTIVE_COMPILATION_CONDITIONS = "DEBUG $(inherited)";
				SWIFT_OPTIMIZATION_LEVEL = "-Onone";
			};
			name = Debug;
		};
		7C166C3E2D9569A20019A602 /* Release */ = {
			isa = XCBuildConfiguration;
			buildSettings = {
				ALWAYS_SEARCH_USER_PATHS = NO;
				ASSETCATALOG_COMPILER_GENERATE_SWIFT_ASSET_SYMBOL_EXTENSIONS = YES;
				CLANG_ANALYZER_NONNULL = YES;
				CLANG_ANALYZER_NUMBER_OBJECT_CONVERSION = YES_AGGRESSIVE;
				CLANG_CXX_LANGUAGE_STANDARD = "gnu++20";
				CLANG_ENABLE_MODULES = YES;
				CLANG_ENABLE_OBJC_ARC = YES;
				CLANG_ENABLE_OBJC_WEAK = YES;
				CLANG_WARN_BLOCK_CAPTURE_AUTORELEASING = YES;
				CLANG_WARN_BOOL_CONVERSION = YES;
				CLANG_WARN_COMMA = YES;
				CLANG_WARN_CONSTANT_CONVERSION = YES;
				CLANG_WARN_DEPRECATED_OBJC_IMPLEMENTATIONS = YES;
				CLANG_WARN_DIRECT_OBJC_ISA_USAGE = YES_ERROR;
				CLANG_WARN_DOCUMENTATION_COMMENTS = YES;
				CLANG_WARN_EMPTY_BODY = YES;
				CLANG_WARN_ENUM_CONVERSION = YES;
				CLANG_WARN_INFINITE_RECURSION = YES;
				CLANG_WARN_INT_CONVERSION = YES;
				CLANG_WARN_NON_LITERAL_NULL_CONVERSION = YES;
				CLANG_WARN_OBJC_IMPLICIT_RETAIN_SELF = YES;
				CLANG_WARN_OBJC_LITERAL_CONVERSION = YES;
				CLANG_WARN_OBJC_ROOT_CLASS = YES_ERROR;
				CLANG_WARN_QUOTED_INCLUDE_IN_FRAMEWORK_HEADER = YES;
				CLANG_WARN_RANGE_LOOP_ANALYSIS = YES;
				CLANG_WARN_STRICT_PROTOTYPES = YES;
				CLANG_WARN_SUSPICIOUS_MOVE = YES;
				CLANG_WARN_UNGUARDED_AVAILABILITY = YES_AGGRESSIVE;
				CLANG_WARN_UNREACHABLE_CODE = YES;
				CLANG_WARN__DUPLICATE_METHOD_MATCH = YES;
				COPY_PHASE_STRIP = NO;
				DEBUG_INFORMATION_FORMAT = "dwarf-with-dsym";
				ENABLE_NS_ASSERTIONS = NO;
				ENABLE_STRICT_OBJC_MSGSEND = YES;
				ENABLE_USER_SCRIPT_SANDBOXING = YES;
				GCC_C_LANGUAGE_STANDARD = gnu17;
				GCC_NO_COMMON_BLOCKS = YES;
				GCC_WARN_64_TO_32_BIT_CONVERSION = YES;
				GCC_WARN_ABOUT_RETURN_TYPE = YES_ERROR;
				GCC_WARN_UNDECLARED_SELECTOR = YES;
				GCC_WARN_UNINITIALIZED_AUTOS = YES_AGGRESSIVE;
				GCC_WARN_UNUSED_FUNCTION = YES;
				GCC_WARN_UNUSED_VARIABLE = YES;
				IPHONEOS_DEPLOYMENT_TARGET = 18.2;
				LOCALIZATION_PREFERS_STRING_CATALOGS = YES;
				MTL_ENABLE_DEBUG_INFO = NO;
				MTL_FAST_MATH = YES;
				SDKROOT = iphoneos;
				SWIFT_COMPILATION_MODE = wholemodule;
				VALIDATE_PRODUCT = YES;
			};
			name = Release;
		};
		7C166C402D9569A20019A602 /* Debug */ = {
			isa = XCBuildConfiguration;
			buildSettings = {
				ASSETCATALOG_COMPILER_APPICON_NAME = AppIcon;
				ASSETCATALOG_COMPILER_GLOBAL_ACCENT_COLOR_NAME = AccentColor;
				CODE_SIGN_STYLE = Automatic;
				CURRENT_PROJECT_VERSION = 1;
				DEVELOPMENT_ASSET_PATHS = "\"StudyCompanion/Preview Content\"";
				DEVELOPMENT_TEAM = V72L7TD2G9;
				ENABLE_PREVIEWS = YES;
				GENERATE_INFOPLIST_FILE = YES;
				INFOPLIST_KEY_UIApplicationSceneManifest_Generation = YES;
				INFOPLIST_KEY_UIApplicationSupportsIndirectInputEvents = YES;
				INFOPLIST_KEY_UILaunchScreen_Generation = YES;
				INFOPLIST_KEY_UISupportedInterfaceOrientations_iPad = "UIInterfaceOrientationPortrait UIInterfaceOrientationPortraitUpsideDown UIInterfaceOrientationLandscapeLeft UIInterfaceOrientationLandscapeRight";
				INFOPLIST_KEY_UISupportedInterfaceOrientations_iPhone = "UIInterfaceOrientationPortrait UIInterfaceOrientationLandscapeLeft UIInterfaceOrientationLandscapeRight";
				LD_RUNPATH_SEARCH_PATHS = (
					"$(inherited)",
					"@executable_path/Frameworks",
				);
				MARKETING_VERSION = 1.0;
				PRODUCT_BUNDLE_IDENTIFIER = "-.StudyCompanion";
				PRODUCT_NAME = "$(TARGET_NAME)";
				SWIFT_EMIT_LOC_STRINGS = YES;
				SWIFT_VERSION = 5.0;
				TARGETED_DEVICE_FAMILY = "1,2";
			};
			name = Debug;
		};
		7C166C412D9569A20019A602 /* Release */ = {
			isa = XCBuildConfiguration;
			buildSettings = {
				ASSETCATALOG_COMPILER_APPICON_NAME = AppIcon;
				ASSETCATALOG_COMPILER_GLOBAL_ACCENT_COLOR_NAME = AccentColor;
				CODE_SIGN_STYLE = Automatic;
				CURRENT_PROJECT_VERSION = 1;
				DEVELOPMENT_ASSET_PATHS = "\"StudyCompanion/Preview Content\"";
				DEVELOPMENT_TEAM = V72L7TD2G9;
				ENABLE_PREVIEWS = YES;
				GENERATE_INFOPLIST_FILE = YES;
				INFOPLIST_KEY_UIApplicationSceneManifest_Generation = YES;
				INFOPLIST_KEY_UIApplicationSupportsIndirectInputEvents = YES;
				INFOPLIST_KEY_UILaunchScreen_Generation = YES;
				INFOPLIST_KEY_UISupportedInterfaceOrientations_iPad = "UIInterfaceOrientationPortrait UIInterfaceOrientationPortraitUpsideDown UIInterfaceOrientationLandscapeLeft UIInterfaceOrientationLandscapeRight";
				INFOPLIST_KEY_UISupportedInterfaceOrientations_iPhone = "UIInterfaceOrientationPortrait UIInterfaceOrientationLandscapeLeft UIInterfaceOrientationLandscapeRight";
				LD_RUNPATH_SEARCH_PATHS = (
					"$(inherited)",
					"@executable_path/Frameworks",
				);
				MARKETING_VERSION = 1.0;
				PRODUCT_BUNDLE_IDENTIFIER = "-.StudyCompanion";
				PRODUCT_NAME = "$(TARGET_NAME)";
				SWIFT_EMIT_LOC_STRINGS = YES;
				SWIFT_VERSION = 5.0;
				TARGETED_DEVICE_FAMILY = "1,2";
			};
			name = Release;
		};
/* End XCBuildConfiguration section */

/* Begin XCConfigurationList section */
		7C166C2C2D9569A00019A602 /* Build configuration list for PBXProject "StudyCompanion" */ = {
			isa = XCConfigurationList;
			buildConfigurations = (
				7C166C3D2D9569A20019A602 /* Debug */,
				7C166C3E2D9569A20019A602 /* Release */,
			);
			defaultConfigurationIsVisible = 0;
			defaultConfigurationName = Release;
		};
		7C166C3F2D9569A20019A602 /* Build configuration list for PBXNativeTarget "StudyCompanion" */ = {
			isa = XCConfigurationList;
			buildConfigurations = (
				7C166C402D9569A20019A602 /* Debug */,
				7C166C412D9569A20019A602 /* Release */,
			);
			defaultConfigurationIsVisible = 0;
			defaultConfigurationName = Release;
		};
/* End XCConfigurationList section */
	};
	rootObject = 7C166C292D9569A00019A602 /* Project object */;
}
